#
# This file is autogenerated by pip-compile with Python 3.11
# by the following command:
#
#    pip-compile --allow-unsafe --cert=None --client-cert=None --generate-hashes --index-url=None --output-file=requirements/dev.lock --pip-args=None requirements/dev.txt
#
annotated-types==0.8.0 \
    --hash=sha256:13b2beaad985e05e2d6407ee4c4f35590b11f8d693a258a561055cac8f64cab7 \
    --hash=sha256:f072f4d804ea359e4eaf198b1af7a8b0943881a87f31bb764f8bf219bb9419e0
    # via pydantic
anyio==4.14.2 \
    --hash=sha256:9f505dda5ac9f0c8309b5e8bd445a8c2bf7246f3ce950121e45ea15bc41d1494 \
    --hash=sha256:cfa139f3ed1a23ee8f88a145ddb5ac7605b8bbfd8592baacd7ce3d8bb4313c7f
    # via httpx
certifi==2026.7.22 \
    --hash=sha256:62f22742b58a1a33014a2b6b706588a8d7e2a88ae7bd1a6ebe8c992928483775 \
    --hash=sha256:741e2c3b351ddf169a738da9f2c048608ff7f2c5cc02f1ebc6b118bb090d5d55
    # via
    #   httpcore
    #   httpx
    #   requests
charset-normalizer==3.4.9 \
    --hash=sha256:0327fcd59a935777d83410750c50600ee9571af2846f71ce40f25b13da1ef380 \
    --hash=sha256:03d07803992c6c7bbc976327f34b18b6160327fc81cb82c9d504720ac0be3b62 \
    --hash=sha256:04ce310cb89c15df659582aee80a0603788732a5e017d5bd5c81158106ce249c \
    --hash=sha256:0d861473f743244d349b50f850d10eb87aeb22bbdcc8e64f79273c94af5a8226 \
    --hash=sha256:0e94703ec9684807f20cfb5eed95c70f67f2a8f21ad620146d7b5a13677b93e5 \
    --hash=sha256:0fa1aec2d32bcc03c8fa0f6f1712caad1adc38509f31142112e5c9daf5b9c833 \
    --hash=sha256:16b65ea0f2465b6fb52aa22de5eca612aa964ddfec00a912e26f4656cbef890b \
    --hash=sha256:16d10d789dd9bcca1173c95af82c58433122564b7bc39385124be735a35cbe99 \
    --hash=sha256:19ac87f93086ce37b86e098888555c4b4bc48102279bae3350098c0ed664b501 \
    --hash=sha256:1d22856ffbe153a602df38e4a5464f0b748a54002e0d69ac6d2ad0a197cc99ec \
    --hash=sha256:21e764fd1e70b6a3e205a0e46f3051701f98a8cb3fad66eeb80e48bb502f8698 \
    --hash=sha256:231ddcbb35e2ff8973e1365db41fe0572662893b99a05deb183b68ad4c0c8bd4 \
    --hash=sha256:253a4a220747e8b5faf57ec320c4f5efb0cef05f647420bf267143ec15dba10a \
    --hash=sha256:280081916dc341820640489a66e4696049401ef1cf6dd672f672e70ad915aca3 \
    --hash=sha256:2a441ea71902098ffe78c5abe6c494f44160b4af614ed16c3d9a3b1d17fd8ee2 \
    --hash=sha256:304b13570067b2547562e308af560b3963857b1fa90bd6afd978130130fe2d6a \
    --hash=sha256:32286a2c8d167e897177b673176c1e3e00d4057caf5d2b64eef9a3666b03018e \
    --hash=sha256:33bdcc2a32c0a0e861f60841a512c8acc658c87c2ac59d89e3a46dacf7d866e4 \
    --hash=sha256:375b83ed0aecfce76c16d198fbc21f3b11b337d68662bea0a995046682a11419 \
    --hash=sha256:3c09a49d6cde137258beb3d551994a2927fd35ad5cf96aed573f61bbd67c5f84 \
    --hash=sha256:3d92613ec25e43b05f042302531ec0f00b8445190e43325880cbd6ab7c2581da \
    --hash=sha256:40a126142a56b2dfc0aacbad1de8310cbf60da7656db0e6b16eebd48e3e93519 \
    --hash=sha256:416c229f77e5ea25b3dfd4b582f8d73d7e43c22320302b9ab128a2d3a0b38efe \
    --hash=sha256:432786d3561e69aeeae6c7e8648964ce0ad05736120135601f87ac26b9c83381 \
    --hash=sha256:43b9e366a31fdd1c87d0eb08f579b4a82b723ea54338f040d6b4e518a026ea29 \
    --hash=sha256:440eede837960000d74978f0eba527be106b5b9aee0daf779d395276ed0b0614 \
    --hash=sha256:45b0cc4e3556cd875e09102988d1ab8356c998b596c9fced84547c8138b487a0 \
    --hash=sha256:476743fe6dfe14a2da12e3ac79125dc84a3b2cf8094369a47a1529b0cd8549fe \
    --hash=sha256:4773092f8019072343a7447203308b176e10199920eb02d6195e81bbb3274c29 \
    --hash=sha256:4b3dac63058cc36820b0dd072f89898604e2d39686fe05321729d00d8ac185a0 \
    --hash=sha256:4d1c96a7a18b9690a4d46df09e3e3382406ae3213727cd1019ebade1c4a81917 \
    --hash=sha256:51307f5c71007673a2bf8232ad973483d281e74cb99c8c5a990af1eefa6277d9 \
    --hash=sha256:51447e9aa2684679af07ca5021c3db526e0284347ebf4ffcec1154c3350cfe32 \
    --hash=sha256:58150c9f9b9a552505912d182ccdf26f6396fb6094816ceebcbb20eecabaed94 \
    --hash=sha256:5b10cd92fc5c498b35a8635df6d5a100207f88b63a4dc1de7ef9a548e1e2cd63 \
    --hash=sha256:5e226f6218febc71f6c1fc2fafb91c226f75bdc1d8fb12d66823716e891608fd \
    --hash=sha256:609b3ba8fcc0fb5ab7af00719d0fb6ad0cb518e48e7712d12fd68f1327951198 \
    --hash=sha256:60f44ade2cf573dad7a277e6f8ca9a51a21dda572b13bd7d8539bb3cd5dbedde \
    --hash=sha256:611057cc5d5c0afc743ba8be6bd828c17e0aaa8643f9d0a9b9bb7dea80eb8012 \
    --hash=sha256:6366a16e1a25018694d6a5d784d09b046edc9eac40ea2b54065c3052672516a1 \
    --hash=sha256:65a7ff3f705e57d392f7261b6d0550fe137c3019477431f1c355e0db0a7d3e15 \
    --hash=sha256:673611bbd43f0810bec0b0f028ddeaaa501190339cac411f347ac76917c3ae7b \
    --hash=sha256:67830fc78e67501f47bb950471b2dcb9b35b140084429318e862895a8e89c993 \
    --hash=sha256:68ce9f4d6b26d5ccbf7fd4459bf75f74a0a146677ebba80597df60cbdb20e6f4 \
    --hash=sha256:68e5f26a1ad57ded6d1cfb85331d1c1a195314756471d97758c48498bb4dcdf5 \
    --hash=sha256:69b157c5d3292bcd443faca052f3096f637f1e074b98212a933c074ae23dc3b8 \
    --hash=sha256:75286256590a6320cf106a0d28970d3560aad9ee09aa7b34fb40524792436d35 \
    --hash=sha256:78841cccf1af7b40f6f716338d50c0902dbe88d9f800b3c973b7a9a0a693a642 \
    --hash=sha256:78fa18e436a1a0e58dbd7e02fc4473f3f32cceb12df9dfca542d075961c307d2 \
    --hash=sha256:79580094b00d1789d1f93ea55bc43cb2f611910c72235b7657f3482ddcc1b22d \
    --hash=sha256:7b86a2b16095d250c6f58b3d9b2eee6f4147754344f3dab0922f7c9bf7d226c9 \
    --hash=sha256:83aed2c10721ddd90f68140685391b50811a880af20654c59af6b6c66c40513c \
    --hash=sha256:84fd18bcc17526fc2b3c1af7d2b9217d32c9c04448c16ec693b9b4f1985c3d33 \
    --hash=sha256:871ff67ea1aad4dfd91736464934d56b32dac49f9fbe16cddba36198a7b3a0db \
    --hash=sha256:898f0e9068ca27d37f8e83a5b962821df851532e6c4a7d615c1c033f9da6eedf \
    --hash=sha256:8a79d9f4d8001473a30c163556b3c3bfebec837495a412dde78b51672f6134f9 \
    --hash=sha256:8c041122946b7ba21bb32c45b1aa57b1be35527690aeb3c5c234521085632eee \
    --hash=sha256:90c44bc373b7687f6948b693cceaea1348ae0975d7474746559494468e3c1d84 \
    --hash=sha256:9104ed0bd76a429d46f9ec0dbc9b08ad1d2dcdf2b00a5a0daa1c145329b35b44 \
    --hash=sha256:920079c3f7456fa213e0829ed2073aaa727fd39d889ead5b4f35d0de5460d04f \
    --hash=sha256:93d59d504b230e83c7a843251681959a0b6a9cd76f6e146ce1b8a80eb8739af9 \
    --hash=sha256:9b2aff1c7b3884512b9512c3eaadd9bab39fb45042ffaaa1dd08ff2b9f8109d9 \
    --hash=sha256:9b8e0f3107e2200b76f6054de99016eac3ee6762713587b36baaa7e4bd2ae177 \
    --hash=sha256:9bb41182d93ea91f60b4bc8fbf4c820c69ef8a12ab2d917f3f1834f1acad07e8 \
    --hash=sha256:9cdef90ae47919cae358d8ab15797a800ed41da7aba5d72419fb510729e2ed4b \
    --hash=sha256:a1786910334ed46ab1dd73222f2cd1e05c2c3bb39f6dddb4f8b36fc382058a39 \
    --hash=sha256:a4cfde78a9f2880208d16a93b795726a3017d5977e08d1e162a7a31322479c41 \
    --hash=sha256:a4fbdde9dd4a9ce5fd52c2b3a347bb50cc89483ef783f1cb00d408c13f7a96c0 \
    --hash=sha256:aa99adc8f081b475a12843953db36831eaf83ec33eb46a90629ca6a5de45a616 \
    --hash=sha256:ac351b3b8014eead140e77e9717e2992c6bbe30b63bc3422422eb84865412e3d \
    --hash=sha256:ad41ba96094304aa090f5a30cb6e4fb3b3f1c264c523394b4c39bbacc4dc92ba \
    --hash=sha256:b5314963fce9b0b12743891de876e724997864ee22aa496f903f426c7e2fa5b2 \
    --hash=sha256:bcf74c1df76758a395bf0af608c04c82257523f55c9868b334f06270d0f2112b \
    --hash=sha256:bd47ba7fc3ca94896759ea0109775132d3e7ab921fbf54038e1bab2e46c313c9 \
    --hash=sha256:c0323c9daef75ef2e5083624b4585018a0c9d5e3b40f607eed81a311270b934b \
    --hash=sha256:c1225416b463483160e4af85d5fc3a9690ccb53fd4b1865a6437825f5ede3209 \
    --hash=sha256:c1c948747b03be832dceed96ca815cef7360de9aa19d37c730f8e3f6101aca48 \
    --hash=sha256:c25fe15c70c59eb7c5ce8c06a1f3fa1da0ecc5ea1e7a5922c40fd2fa9b0d5046 \
    --hash=sha256:cc1b0fff8ead343dae06305f954eb8468ba0ec1a97881f42489d198e4ce3c632 \
    --hash=sha256:cd6280cf040f233bd7d3407b743b4b4c74f70e8e1c4199cb112a62c941c0772a \
    --hash=sha256:cd6c3d4b783c556fa00bf540854e42f135e2f256abd29669fcd0da0f2dec79c2 \
    --hash=sha256:d4d6fcde76f94f5cb9e43e9e9a61f16dacefd228cbbf6f1a09bd9b219a92f1a1 \
    --hash=sha256:ddf4af30b417d9fe16481e9b81c27ab2a7cde1ff7ba3e85653b02db7d145dc7b \
    --hash=sha256:df115d4d83168fdf2cae48ef1ff6d1cb4c466364e30861b37121de0f3bf1b990 \
    --hash=sha256:df7276909358e5635ae203673ab7e509ddd224225a8d6b0790bf13eb2bde1cc5 \
    --hash=sha256:e4fd89cc178bced6ad29cb3e6dd4aa63fa5017c3524dbd0b25998fb64a87cc8b \
    --hash=sha256:e9701d0049d92c16703a42771b98d560b95248949f23f8cf7b4eddd201814fb9 \
    --hash=sha256:ee2f2a527e3c1a6e6411eb4209642e138b544a2d72fe5d0d76daf77b24063534 \
    --hash=sha256:f7fb7d750cfa0a070d2c24e831fd3481019a60dd317ea2b39acbcebc08b6ed81 \
    --hash=sha256:f840ed6d8ecba8255df8c42b87fadeda98ddfc6eeec05e2dc66e26d46dd6f58a \
    --hash=sha256:f86c6358749bd4fda175388691e3ba8c46e24c5347d0afd20f9b7edfc9faf07d \
    --hash=sha256:fa36ec09ef71d158186bc79e359ff5fdd6e7996fe8ab638f00d6b93139ba4fcf \
    --hash=sha256:fe2c7201c642b7c308f1675355ad7ff7b66acfe3541625efe5a3ad38f29d6115
    # via requests
datasketch==1.6.5 \
    --hash=sha256:59311b2925b2f37536e9f7c2f46bbc25e8e54379c8635a3fa7ca55d2abb66d1b \
    --hash=sha256:ba2848cb74f23d6d3dd444cf24edcbc47b1c34a171b1803231793ed4d74d4fcf
    # via -r requirements/base.txt
docker==7.2.0 \
    --hash=sha256:a3f45fdeb9165e2d25d9a1d02ddf3bc70fb572cf5ebbf9b58558c22caf29b71f \
    --hash=sha256:cebb93773d334f778e023a7ee352a8d6e13ab1bd3b863a4d4a59dec897df43ac
    # via testcontainers
h11==0.16.0 \
    --hash=sha256:4e35b956cf45792e4caa5885e69fba00bdbc6ffafbfa020300e549b208ee5ff1 \
    --hash=sha256:63cf8bbe7522de3bf65932fda1d9c2772064ffb3dae62d55932da54b31cb6c86
    # via httpcore
httpcore==1.0.9 \
    --hash=sha256:2d400746a40668fc9dec9810239072b40b4484b640a8c38fd654a024c7a1bf55 \
    --hash=sha256:6e34463af53fd2ab5d807f399a9b45ea31c3dfa2276f15a2c3f00afff6e176e8
    # via httpx
httpx==0.27.2 \
    --hash=sha256:7bb2708e112d8fdd7829cd4243970f0c223274051cb35ee80c03301ee29a3df0 \
    --hash=sha256:f7c2be1d2f3c3c3160d441802406b206c2b76f5947b11115e6df10c6c65e66c2
    # via -r requirements/dev.txt
idna==3.18 \
    --hash=sha256:7f952cbe720b688055e3f87de14f5c3e5fdaa8bc3928985c4077ca689de849a2 \
    --hash=sha256:ffb385a7e039654cef1ab9ef32c6fafe283c0c0467bba1d9029738ce4a14a848
    # via
    #   anyio
    #   httpx
    #   requests
iniconfig==2.3.0 \
    --hash=sha256:c76315c77db068650d49c5b56314774a7804df16fee4402c1f19d6d15d8c4730 \
    --hash=sha256:f631c04d2c48c52b84d0d0549c99ff3859c98df65b3101406327ecc7d53fbf12
    # via pytest
iterative-stratification==0.1.9 \
    --hash=sha256:476f8deff6753fb1725612fe41e59cc2058f8f2524ae5d1ccee88eb8c8d3de80 \
    --hash=sha256:e7e299a3b28909fd0867d50ae6fc512def3bd482f71666ebaf0a3480b84cec42
    # via -r requirements/base.txt
joblib==1.5.3 \
    --hash=sha256:5fc3c5039fc5ca8c0276333a188bbd59d6b7ab37fe6632daa76bc7f9ec18e713 \
    --hash=sha256:8561a3269e6801106863fd0d6d84bb737be9e7631e33aaed3fb9ce5953688da3
    # via scikit-learn
numpy==2.1.3 \
    --hash=sha256:016d0f6f5e77b0f0d45d77387ffa4bb89816b57c835580c3ce8e099ef830befe \
    --hash=sha256:02135ade8b8a84011cbb67dc44e07c58f28575cf9ecf8ab304e51c05528c19f0 \
    --hash=sha256:08788d27a5fd867a663f6fc753fd7c3ad7e92747efc73c53bca2f19f8bc06f48 \
    --hash=sha256:0d30c543f02e84e92c4b1f415b7c6b5326cbe45ee7882b6b77db7195fb971e3a \
    --hash=sha256:0fa14563cc46422e99daef53d725d0c326e99e468a9320a240affffe87852564 \
    --hash=sha256:13138eadd4f4da03074851a698ffa7e405f41a0845a6b1ad135b81596e4e9958 \
    --hash=sha256:14e253bd43fc6b37af4921b10f6add6925878a42a0c5fe83daee390bca80bc17 \
    --hash=sha256:15cb89f39fa6d0bdfb600ea24b250e5f1a3df23f901f51c8debaa6a5d122b2f0 \
    --hash=sha256:17ee83a1f4fef3c94d16dc1802b998668b5419362c8a4f4e8a491de1b41cc3ee \
    --hash=sha256:2312b2aa89e1f43ecea6da6ea9a810d06aae08321609d8dc0d0eda6d946a541b \
    --hash=sha256:2564fbdf2b99b3f815f2107c1bbc93e2de8ee655a69c261363a1172a79a257d4 \
    --hash=sha256:3522b0dfe983a575e6a9ab3a4a4dfe156c3e428468ff08ce582b9bb6bd1d71d4 \
    --hash=sha256:4394bc0dbd074b7f9b52024832d16e019decebf86caf909d94f6b3f77a8ee3b6 \
    --hash=sha256:45966d859916ad02b779706bb43b954281db43e185015df6eb3323120188f9e4 \
    --hash=sha256:4d1167c53b93f1f5d8a139a742b3c6f4d429b54e74e6b57d0eff40045187b15d \
    --hash=sha256:4f2015dfe437dfebbfce7c85c7b53d81ba49e71ba7eadbf1df40c915af75979f \
    --hash=sha256:50ca6aba6e163363f132b5c101ba078b8cbd3fa92c7865fd7d4d62d9779ac29f \
    --hash=sha256:50d18c4358a0a8a53f12a8ba9d772ab2d460321e6a93d6064fc22443d189853f \
    --hash=sha256:5641516794ca9e5f8a4d17bb45446998c6554704d888f86df9b200e66bdcce56 \
    --hash=sha256:576a1c1d25e9e02ed7fa5477f30a127fe56debd53b8d2c89d5578f9857d03ca9 \
    --hash=sha256:6a4825252fcc430a182ac4dee5a505053d262c807f8a924603d411f6718b88fd \
    --hash=sha256:72dcc4a35a8515d83e76b58fdf8113a5c969ccd505c8a946759b24e3182d1f23 \
    --hash=sha256:747641635d3d44bcb380d950679462fae44f54b131be347d5ec2bce47d3df9ed \
    --hash=sha256:762479be47a4863e261a840e8e01608d124ee1361e48b96916f38b119cfda04a \
    --hash=sha256:78574ac2d1a4a02421f25da9559850d59457bac82f2b8d7a44fe83a64f770098 \
    --hash=sha256:825656d0743699c529c5943554d223c021ff0494ff1442152ce887ef4f7561a1 \
    --hash=sha256:8637dcd2caa676e475503d1f8fdb327bc495554e10838019651b76d17b98e512 \
    --hash=sha256:96fe52fcdb9345b7cd82ecd34547fca4321f7656d500eca497eb7ea5a926692f \
    --hash=sha256:973faafebaae4c0aaa1a1ca1ce02434554d67e628b8d805e61f874b84e136b09 \
    --hash=sha256:996bb9399059c5b82f76b53ff8bb686069c05acc94656bb259b1d63d04a9506f \
    --hash=sha256:a38c19106902bb19351b83802531fea19dee18e5b37b36454f27f11ff956f7fc \
    --hash=sha256:a6b46587b14b888e95e4a24d7b13ae91fa22386c199ee7b418f449032b2fa3b8 \
    --hash=sha256:a9f7f672a3388133335589cfca93ed468509cb7b93ba3105fce780d04a6576a0 \
    --hash=sha256:aa08e04e08aaf974d4458def539dece0d28146d866a39da5639596f4921fd761 \
    --hash=sha256:b0df3635b9c8ef48bd3be5f862cf71b0a4716fa0e702155c45067c6b711ddcef \
    --hash=sha256:b47fbb433d3260adcd51eb54f92a2ffbc90a4595f8970ee00e064c644ac788f5 \
    --hash=sha256:baed7e8d7481bfe0874b566850cb0b85243e982388b7b23348c6db2ee2b2ae8e \
    --hash=sha256:bc6f24b3d1ecc1eebfbf5d6051faa49af40b03be1aaa781ebdadcbc090b4539b \
    --hash=sha256:c006b607a865b07cd981ccb218a04fc86b600411d83d6fc261357f1c0966755d \
    --hash=sha256:c181ba05ce8299c7aa3125c27b9c2167bca4a4445b7ce73d5febc411ca692e43 \
    --hash=sha256:c7662f0e3673fe4e832fe07b65c50342ea27d989f92c80355658c7f888fcc83c \
    --hash=sha256:c80e4a09b3d95b4e1cac08643f1152fa71a0a821a2d4277334c88d54b2219a41 \
    --hash=sha256:c894b4305373b9c5576d7a12b473702afdf48ce5369c074ba304cc5ad8730dff \
    --hash=sha256:d7aac50327da5d208db2eec22eb11e491e3fe13d22653dce51b0f4109101b408 \
    --hash=sha256:d89dd2b6da69c4fff5e39c28a382199ddedc3a5be5390115608345dec660b9e2 \
    --hash=sha256:d9beb777a78c331580705326d2367488d5bc473b49a9bc3036c154832520aca9 \
    --hash=sha256:dc258a761a16daa791081d026f0ed4399b582712e6fc887a95af09df10c5ca57 \
    --hash=sha256:e14e26956e6f1696070788252dcdff11b4aca4c3e8bd166e0df1bb8f315a67cb \
    --hash=sha256:e6988e90fcf617da2b5c78902fe8e668361b43b4fe26dbf2d7b0f8034d4cafb9 \
    --hash=sha256:e711e02f49e176a01d0349d82cb5f05ba4db7d5e7e0defd026328e5cfb3226d3 \
    --hash=sha256:ea4dedd6e394a9c180b33c2c872b92f7ce0f8e7ad93e9585312b0c5a04777a4a \
    --hash=sha256:ecc76a9ba2911d8d37ac01de72834d8849e55473457558e12995f4cd53e778e0 \
    --hash=sha256:f55ba01150f52b1027829b50d70ef1dafd9821ea82905b63936668403c3b471e \
    --hash=sha256:f653490b33e9c3a4c1c01d41bc2aef08f9475af51146e4a7710c450cf9761598 \
    --hash=sha256:fa2d1337dc61c8dc417fbccf20f6d1e139896a30721b7f1e832b2bb6ef4eb6c4
    # via
    #   -r requirements/base.txt
    #   datasketch
    #   iterative-stratification
    #   pandas
    #   scikit-learn
    #   scipy
    #   skops
packaging==26.2 \
    --hash=sha256:5fc45236b9446107ff2415ce77c807cee2862cb6fac22b8a73826d0693b0980e \
    --hash=sha256:ff452ff5a3e828ce110190feff1178bb1f2ea2281fa2075aadb987c2fb221661
    # via
    #   pytest
    #   skops
pandas==2.2.3 \
    --hash=sha256:062309c1b9ea12a50e8ce661145c6aab431b1e99530d3cd60640e255778bd43a \
    --hash=sha256:15c0e1e02e93116177d29ff83e8b1619c93ddc9c49083f237d4312337a61165d \
    --hash=sha256:1948ddde24197a0f7add2bdc4ca83bf2b1ef84a1bc8ccffd95eda17fd836ecb5 \
    --hash=sha256:1db71525a1538b30142094edb9adc10be3f3e176748cd7acc2240c2f2e5aa3a4 \
    --hash=sha256:22a9d949bfc9a502d320aa04e5d02feab689d61da4e7764b62c30b991c42c5f0 \
    --hash=sha256:29401dbfa9ad77319367d36940cd8a0b3a11aba16063e39632d98b0e931ddf32 \
    --hash=sha256:31d0ced62d4ea3e231a9f228366919a5ea0b07440d9d4dac345376fd8e1477ea \
    --hash=sha256:3508d914817e153ad359d7e069d752cdd736a247c322d932eb89e6bc84217f28 \
    --hash=sha256:37e0aced3e8f539eccf2e099f65cdb9c8aa85109b0be6e93e2baff94264bdc6f \
    --hash=sha256:381175499d3802cde0eabbaf6324cce0c4f5d52ca6f8c377c29ad442f50f6348 \
    --hash=sha256:38cf8125c40dae9d5acc10fa66af8ea6fdf760b2714ee482ca691fc66e6fcb18 \
    --hash=sha256:3b71f27954685ee685317063bf13c7709a7ba74fc996b84fc6821c59b0f06468 \
    --hash=sha256:3fc6873a41186404dad67245896a6e440baacc92f5b716ccd1bc9ed2995ab2c5 \
    --hash=sha256:4850ba03528b6dd51d6c5d273c46f183f39a9baf3f0143e566b89450965b105e \
    --hash=sha256:4f18ba62b61d7e192368b84517265a99b4d7ee8912f8708660fb4a366cc82667 \
    --hash=sha256:56534ce0746a58afaf7942ba4863e0ef81c9c50d3f0ae93e9497d6a41a057645 \
    --hash=sha256:59ef3764d0fe818125a5097d2ae867ca3fa64df032331b7e0917cf5d7bf66b13 \
    --hash=sha256:5dbca4c1acd72e8eeef4753eeca07de9b1db4f398669d5994086f788a5d7cc30 \
    --hash=sha256:5de54125a92bb4d1c051c0659e6fcb75256bf799a732a87184e5ea503965bce3 \
    --hash=sha256:61c5ad4043f791b61dd4752191d9f07f0ae412515d59ba8f005832a532f8736d \
    --hash=sha256:6374c452ff3ec675a8f46fd9ab25c4ad0ba590b71cf0656f8b6daa5202bca3fb \
    --hash=sha256:63cc132e40a2e084cf01adf0775b15ac515ba905d7dcca47e9a251819c575ef3 \
    --hash=sha256:66108071e1b935240e74525006034333f98bcdb87ea116de573a6a0dccb6c039 \
    --hash=sha256:6dfcb5ee8d4d50c06a51c2fffa6cff6272098ad6540aed1a76d15fb9318194d8 \
    --hash=sha256:7c2875855b0ff77b2a64a0365e24455d9990730d6431b9e0ee18ad8acee13dbd \
    --hash=sha256:7eee9e7cea6adf3e3d24e304ac6b8300646e2a5d1cd3a3c2abed9101b0846761 \
    --hash=sha256:800250ecdadb6d9c78eae4990da62743b857b470883fa27f652db8bdde7f6659 \
    --hash=sha256:86976a1c5b25ae3f8ccae3a5306e443569ee3c3faf444dfd0f41cda24667ad57 \
    --hash=sha256:8cd6d7cc958a3910f934ea8dbdf17b2364827bb4dafc38ce6eef6bb3d65ff09c \
    --hash=sha256:99df71520d25fade9db7c1076ac94eb994f4d2673ef2aa2e86ee039b6746d20c \
    --hash=sha256:a5a1595fe639f5988ba6a8e5bc9649af3baf26df3998a0abe56c02609392e0a4 \
    --hash=sha256:ad5b65698ab28ed8d7f18790a0dc58005c7629f227be9ecc1072aa74c0c1d43a \
    --hash=sha256:b1d432e8d08679a40e2a6d8b2f9770a5c21793a6f9f47fdd52c5ce1948a5a8a9 \
    --hash=sha256:b8661b0238a69d7aafe156b7fa86c44b881387509653fdf857bebc5e4008ad42 \
    --hash=sha256:ba96630bc17c875161df3818780af30e43be9b166ce51c9a18c1feae342906c2 \
    --hash=sha256:bc6b93f9b966093cb0fd62ff1a7e4c09e6d546ad7c1de191767baffc57628f39 \
    --hash=sha256:c124333816c3a9b03fbeef3a9f230ba9a737e9e5bb4060aa2107a86cc0a497fc \
    --hash=sha256:cd8d0c3be0515c12fed0bdbae072551c8b54b7192c7b1fda0ba56059a0179698 \
    --hash=sha256:d9c45366def9a3dd85a6454c0e7908f2b3b8e9c138f5dc38fed7ce720d8453ed \
    --hash=sha256:f00d1345d84d8c86a63e476bb4955e46458b304b9575dcf71102b5c705320015 \
    --hash=sha256:f3a255b2c19987fbbe62a9dfd6cff7ff2aa9ccab3fc75218fd4b7530f01efa24 \
    --hash=sha256:fffb8ae78d8af97f849404f21411c95062db1496aeb3e56f146f0355c9989319
    # via -r requirements/base.txt
pluggy==1.6.0 \
    --hash=sha256:7dcc130b76258d33b90f61b658791dede3486c3e6bfb003ee5c9bfb396dd22f3 \
    --hash=sha256:e920276dd6813095e9377c0bc5566d94c932c33b27a3e3945d8389c374dd4746
    # via pytest
prettytable==3.18.0 \
    --hash=sha256:439217116152244369caf3d9f1caf2f9fe29b03bd79e88d2928c8e718c95d680 \
    --hash=sha256:b3346e0e6f79180833aebaac088ae926340586cf6d7d991b9eb125b65f72313a
    # via skops
pydantic==2.9.2 \
    --hash=sha256:d155cef71265d1e9807ed1c32b4c8deec042a44a50a4188b25ac67ecd81a9c0f \
    --hash=sha256:f048cec7b26778210e28a0459867920654d48e5e62db0958433636cde4254f12
    # via -r requirements/base.txt
pydantic-core==2.23.4 \
    --hash=sha256:0a7df63886be5e270da67e0966cf4afbae86069501d35c8c1b3b6c168f42cb36 \
    --hash=sha256:0cb3da3fd1b6a5d0279a01877713dbda118a2a4fc6f0d821a57da2e464793f05 \
    --hash=sha256:0dbd8dbed2085ed23b5c04afa29d8fd2771674223135dc9bc937f3c09284d071 \
    --hash=sha256:0dff76e0602ca7d4cdaacc1ac4c005e0ce0dcfe095d5b5259163a80d3a10d327 \
    --hash=sha256:1278e0d324f6908e872730c9102b0112477a7f7cf88b308e4fc36ce1bdb6d58c \
    --hash=sha256:128585782e5bfa515c590ccee4b727fb76925dd04a98864182b22e89a4e6ed36 \
    --hash=sha256:1498bec4c05c9c787bde9125cfdcc63a41004ff167f495063191b863399b1a29 \
    --hash=sha256:19442362866a753485ba5e4be408964644dd6a09123d9416c54cd49171f50744 \
    --hash=sha256:1b84d168f6c48fabd1f2027a3d1bdfe62f92cade1fb273a5d68e621da0e44e6d \
    --hash=sha256:1e90d2e3bd2c3863d48525d297cd143fe541be8bbf6f579504b9712cb6b643ec \
    --hash=sha256:20152074317d9bed6b7a95ade3b7d6054845d70584216160860425f4fbd5ee9e \
    --hash=sha256:216f9b2d7713eb98cb83c80b9c794de1f6b7e3145eef40400c62e86cee5f4e1e \
    --hash=sha256:233710f069d251feb12a56da21e14cca67994eab08362207785cf8c598e74577 \
    --hash=sha256:255a8ef062cbf6674450e668482456abac99a5583bbafb73f9ad469540a3a232 \
    --hash=sha256:2584f7cf844ac4d970fba483a717dbe10c1c1c96a969bf65d61ffe94df1b2863 \
    --hash=sha256:2971bb5ffe72cc0f555c13e19b23c85b654dd2a8f7ab493c262071377bfce9f6 \
    --hash=sha256:29d2c342c4bc01b88402d60189f3df065fb0dda3654744d5a165a5288a657368 \
    --hash=sha256:2e203fdf807ac7e12ab59ca2bfcabb38c7cf0b33c41efeb00f8e5da1d86af480 \
    --hash=sha256:33e3d65a85a2a4a0dc3b092b938a4062b1a05f3a9abde65ea93b233bca0e03f2 \
    --hash=sha256:374a5e5049eda9e0a44c696c7ade3ff355f06b1fe0bb945ea3cac2bc336478a2 \
    --hash=sha256:37b0fe330e4a58d3c58b24d91d1eb102aeec675a3db4c292ec3928ecd892a9a6 \
    --hash=sha256:3d5639516376dce1940ea36edf408c554475369f5da2abd45d44621cb616f769 \
    --hash=sha256:42c6dcb030aefb668a2b7009c85b27f90e51e6a3b4d5c9bc4c57631292015b0d \
    --hash=sha256:4a7cd62e831afe623fbb7aabbb4fe583212115b3ef38a9f6b71869ba644624a2 \
    --hash=sha256:4ba762ed58e8d68657fc1281e9bb72e1c3e79cc5d464be146e260c541ec12d84 \
    --hash=sha256:4fc714bdbfb534f94034efaa6eadd74e5b93c8fa6315565a222f7b6f42ca1166 \
    --hash=sha256:4ffa2ebd4c8530079140dd2d7f794a9d9a73cbb8e9d59ffe24c63436efa8f271 \
    --hash=sha256:5a1504ad17ba4210df3a045132a7baeeba5a200e930f57512ee02909fc5c4cb5 \
    --hash=sha256:5c364564d17da23db1106787675fc7af45f2f7b58b4173bfdd105564e132e6fb \
    --hash=sha256:5e11661ce0fd30a6790e8bcdf263b9ec5988e95e63cf901972107efc49218b13 \
    --hash=sha256:5f54b118ce5de9ac21c363d9b3caa6c800341e8c47a508787e5868c6b79c9323 \
    --hash=sha256:5f5ff8d839f4566a474a969508fe1c5e59c31c80d9e140566f9a37bba7b8d556 \
    --hash=sha256:61817945f2fe7d166e75fbfb28004034b48e44878177fc54d81688e7b85a3665 \
    --hash=sha256:624e278a7d29b6445e4e813af92af37820fafb6dcc55c012c834f9e26f9aaaef \
    --hash=sha256:63e46b3169866bd62849936de036f901a9356e36376079b05efa83caeaa02ceb \
    --hash=sha256:6531b7ca5f951d663c339002e91aaebda765ec7d61b7d1e3991051906ddde119 \
    --hash=sha256:68665f4c17edcceecc112dfed5dbe6f92261fb9d6054b47d01bf6371a6196126 \
    --hash=sha256:696dd8d674d6ce621ab9d45b205df149399e4bb9aa34102c970b721554828510 \
    --hash=sha256:6f783e0ec4803c787bcea93e13e9932edab72068f68ecffdf86a99fd5918878b \
    --hash=sha256:723314c1d51722ab28bfcd5240d858512ffd3116449c557a1336cbe3919beb87 \
    --hash=sha256:74b9127ffea03643e998e0c5ad9bd3811d3dac8c676e47db17b0ee7c3c3bf35f \
    --hash=sha256:7530e201d10d7d14abce4fb54cfe5b94a0aefc87da539d0346a484ead376c3cc \
    --hash=sha256:77733e3892bb0a7fa797826361ce8a9184d25c8dffaec60b7ffe928153680ba8 \
    --hash=sha256:78ddaaa81421a29574a682b3179d4cf9e6d405a09b99d93ddcf7e5239c742e21 \
    --hash=sha256:7c9129eb40958b3d4500fa2467e6a83356b3b61bfff1b414c7361d9220f9ae8f \
    --hash=sha256:7d32706badfe136888bdea71c0def994644e09fff0bfe47441deaed8e96fdbc6 \
    --hash=sha256:81965a16b675b35e1d09dd14df53f190f9129c0202356ed44ab2728b1c905658 \
    --hash=sha256:8394d940e5d400d04cad4f75c0598665cbb81aecefaca82ca85bd28264af7f9b \
    --hash=sha256:86d2f57d3e1379a9525c5ab067b27dbb8a0642fb5d454e17a9ac434f9ce523e3 \
    --hash=sha256:883a91b5dd7d26492ff2f04f40fbb652de40fcc0afe07e8129e8ae779c2110eb \
    --hash=sha256:88ad334a15b32a791ea935af224b9de1bf99bcd62fabf745d5f3442199d86d59 \
    --hash=sha256:9261d3ce84fa1d38ed649c3638feefeae23d32ba9182963e465d58d62203bd24 \
    --hash=sha256:97df63000f4fea395b2824da80e169731088656d1818a11b95f3b173747b6cd9 \
    --hash=sha256:98d134c954828488b153d88ba1f34e14259284f256180ce659e8d83e9c05eaa3 \
    --hash=sha256:996a38a83508c54c78a5f41456b0103c30508fed9abcad0a59b876d7398f25fd \
    --hash=sha256:9a5bce9d23aac8f0cf0836ecfc033896aa8443b501c58d0602dbfd5bd5b37753 \
    --hash=sha256:9a6b5099eeec78827553827f4c6b8615978bb4b6a88e5d9b93eddf8bb6790f55 \
    --hash=sha256:9d18368b137c6295db49ce7218b1a9ba15c5bc254c96d7c9f9e924a9bc7825ad \
    --hash=sha256:a4fa4fc04dff799089689f4fd502ce7d59de529fc2f40a2c8836886c03e0175a \
    --hash=sha256:a5c7ba8ffb6d6f8f2ab08743be203654bb1aaa8c9dcb09f82ddd34eadb695605 \
    --hash=sha256:aea443fffa9fbe3af1a9ba721a87f926fe548d32cab71d188a6ede77d0ff244e \
    --hash=sha256:b10bd51f823d891193d4717448fab065733958bdb6a6b351967bd349d48d5c9b \
    --hash=sha256:ba1a0996f6c2773bd83e63f18914c1de3c9dd26d55f4ac302a7efe93fb8e7433 \
    --hash=sha256:bb2802e667b7051a1bebbfe93684841cc9351004e2badbd6411bf357ab8d5ac8 \
    --hash=sha256:cfdd16ab5e59fc31b5e906d1a3f666571abc367598e3e02c83403acabc092e07 \
    --hash=sha256:d06b0c8da4f16d1d1e352134427cb194a0a6e19ad5db9161bf32b2113409e728 \
    --hash=sha256:d0776dea117cf5272382634bd2a5c1b6eb16767c223c6a5317cd3e2a757c61a0 \
    --hash=sha256:d18ca8148bebe1b0a382a27a8ee60350091a6ddaf475fa05ef50dc35b5df6327 \
    --hash=sha256:d4488a93b071c04dc20f5cecc3631fc78b9789dd72483ba15d423b5b3689b555 \
    --hash=sha256:d5f7a395a8cf1621939692dba2a6b6a830efa6b3cee787d82c7de1ad2930de64 \
    --hash=sha256:d7a80d21d613eec45e3d41eb22f8f94ddc758a6c4720842dc74c0581f54993d6 \
    --hash=sha256:d97683ddee4723ae8c95d1eddac7c192e8c552da0c73a925a89fa8649bf13eea \
    --hash=sha256:dcedcd19a557e182628afa1d553c3895a9f825b936415d0dbd3cd0bbcfd29b4b \
    --hash=sha256:de6d1d1b9e5101508cb37ab0d972357cac5235f5c6533d1071964c47139257df \
    --hash=sha256:df49e7a0861a8c36d089c1ed57d308623d60416dab2647a4a17fe050ba85de0e \
    --hash=sha256:df933278128ea1cd77772673c73954e53a1c95a4fdf41eef97c2b779271bd0bd \
    --hash=sha256:e08277a400de01bc72436a0ccd02bdf596631411f592ad985dcee21445bd0068 \
    --hash=sha256:e38e63e6f3d1cec5a27e0afe90a085af8b6806ee208b33030e65b6516353f1a3 \
    --hash=sha256:e55541f756f9b3ee346b840103f32779c695a19826a4c442b7954550a0972040 \
    --hash=sha256:ec4e55f79b1c4ffb2eecd8a0cfba9955a2588497d96851f4c8f99aa4a1d39b12 \
    --hash=sha256:ed1a53de42fbe34853ba90513cea21673481cd81ed1be739f7f2efb931b24916 \
    --hash=sha256:ed541d70698978a20eb63d8c5d72f2cc6d7079d9d90f6b50bad07826f1320f5f \
    --hash=sha256:f09e2ff1f17c2b51f2bc76d1cc33da96298f0a036a137f5440ab3ec5360b624f \
    --hash=sha256:f220b0eea5965dec25480b6333c788fb72ce5f9129e8759ef876a1d805d00801 \
    --hash=sha256:f3e0da4ebaef65158d4dfd7d3678aad692f7666877df0002b8a522cdf088f231 \
    --hash=sha256:f455ee30a9d61d3e1a15abd5068827773d6e4dc513e795f380cdd59932c782d5 \
    --hash=sha256:f5ef8f42bec47f21d07668a043f077d507e5bf4e668d5c6dfe6aaba89de1a5b8 \
    --hash=sha256:f69a8e0b033b747bb3e36a44e7732f0c99f7edd5cea723d45bc0d6e95377ffee \
    --hash=sha256:ff02b6d461a6de369f07ec15e465a88895f3223eb75073ffea56b84d9331f607
    # via pydantic
pygments==2.20.0 \
    --hash=sha256:6757cd03768053ff99f3039c1a36d6c0aa0b263438fcab17520b30a303a82b5f \
    --hash=sha256:81a9e26dd42fd28a23a2d169d86d7ac03b46e2f8b59ed4698fb4785f946d0176
    # via pytest
pytest==9.0.3 \
    --hash=sha256:2c5efc453d45394fdd706ade797c0a81091eccd1d6e4bccfcd476e2b8e0ab5d9 \
    --hash=sha256:b86ada508af81d19edeb213c681b1d48246c1a91d304c6c81a427674c17eb91c
    # via -r requirements/dev.txt
python-dateutil==2.9.0.post0 \
    --hash=sha256:37dd54208da7e1cd875388217d5e00ebd4179249f90fb72437e91a35459a0ad3 \
    --hash=sha256:a8b2bc7bffae282281c8140a97d3aa9c14da0b136dfe83f850eea9a5f7470427
    # via pandas
pytz==2026.3.post1 \
    --hash=sha256:2211d3fcf9a797d3405cac96ac7f61d80e6a644f72a3309607282fe8a2010c5d \
    --hash=sha256:dd95840dd199baea12d9cc096a1d452caa6596a1c1e4b5f3dbd1541855d5e815
    # via pandas
pyyaml==6.0.2 \
    --hash=sha256:01179a4a8559ab5de078078f37e5c1a30d76bb88519906844fd7bdea1b7729ff \
    --hash=sha256:0833f8694549e586547b576dcfaba4a6b55b9e96098b36cdc7ebefe667dfed48 \
    --hash=sha256:0a9a2848a5b7feac301353437eb7d5957887edbf81d56e903999a75a3d743086 \
    --hash=sha256:0b69e4ce7a131fe56b7e4d770c67429700908fc0752af059838b1cfb41960e4e \
    --hash=sha256:0ffe8360bab4910ef1b9e87fb812d8bc0a308b0d0eef8c8f44e0254ab3b07133 \
    --hash=sha256:11d8f3dd2b9c1207dcaf2ee0bbbfd5991f571186ec9cc78427ba5bd32afae4b5 \
    --hash=sha256:17e311b6c678207928d649faa7cb0d7b4c26a0ba73d41e99c4fff6b6c3276484 \
    --hash=sha256:1e2120ef853f59c7419231f3bf4e7021f1b936f6ebd222406c3b60212205d2ee \
    --hash=sha256:1f71ea527786de97d1a0cc0eacd1defc0985dcf6b3f17bb77dcfc8c34bec4dc5 \
    --hash=sha256:23502f431948090f597378482b4812b0caae32c22213aecf3b55325e049a6c68 \
    --hash=sha256:24471b829b3bf607e04e88d79542a9d48bb037c2267d7927a874e6c205ca7e9a \
    --hash=sha256:29717114e51c84ddfba879543fb232a6ed60086602313ca38cce623c1d62cfbf \
    --hash=sha256:2e99c6826ffa974fe6e27cdb5ed0021786b03fc98e5ee3c5bfe1fd5015f42b99 \
    --hash=sha256:39693e1f8320ae4f43943590b49779ffb98acb81f788220ea932a6b6c51004d8 \
    --hash=sha256:3ad2a3decf9aaba3d29c8f537ac4b243e36bef957511b4766cb0057d32b0be85 \
    --hash=sha256:3b1fdb9dc17f5a7677423d508ab4f243a726dea51fa5e70992e59a7411c89d19 \
    --hash=sha256:41e4e3953a79407c794916fa277a82531dd93aad34e29c2a514c2c0c5fe971cc \
    --hash=sha256:43fa96a3ca0d6b1812e01ced1044a003533c47f6ee8aca31724f78e93ccc089a \
    --hash=sha256:50187695423ffe49e2deacb8cd10510bc361faac997de9efef88badc3bb9e2d1 \
    --hash=sha256:5ac9328ec4831237bec75defaf839f7d4564be1e6b25ac710bd1a96321cc8317 \
    --hash=sha256:5d225db5a45f21e78dd9358e58a98702a0302f2659a3c6cd320564b75b86f47c \
    --hash=sha256:6395c297d42274772abc367baaa79683958044e5d3835486c16da75d2a694631 \
    --hash=sha256:688ba32a1cffef67fd2e9398a2efebaea461578b0923624778664cc1c914db5d \
    --hash=sha256:68ccc6023a3400877818152ad9a1033e3db8625d899c72eacb5a668902e4d652 \
    --hash=sha256:70b189594dbe54f75ab3a1acec5f1e3faa7e8cf2f1e08d9b561cb41b845f69d5 \
    --hash=sha256:797b4f722ffa07cc8d62053e4cff1486fa6dc094105d13fea7b1de7d8bf71c9e \
    --hash=sha256:7c36280e6fb8385e520936c3cb3b8042851904eba0e58d277dca80a5cfed590b \
    --hash=sha256:7e7401d0de89a9a855c839bc697c079a4af81cf878373abd7dc625847d25cbd8 \
    --hash=sha256:80bab7bfc629882493af4aa31a4cfa43a4c57c83813253626916b8c7ada83476 \
    --hash=sha256:82d09873e40955485746739bcb8b4586983670466c23382c19cffecbf1fd8706 \
    --hash=sha256:8388ee1976c416731879ac16da0aff3f63b286ffdd57cdeb95f3f2e085687563 \
    --hash=sha256:8824b5a04a04a047e72eea5cec3bc266db09e35de6bdfe34c9436ac5ee27d237 \
    --hash=sha256:8b9c7197f7cb2738065c481a0461e50ad02f18c78cd75775628afb4d7137fb3b \
    --hash=sha256:9056c1ecd25795207ad294bcf39f2db3d845767be0ea6e6a34d856f006006083 \
    --hash=sha256:936d68689298c36b53b29f23c6dbb74de12b4ac12ca6cfe0e047bedceea56180 \
    --hash=sha256:9b22676e8097e9e22e36d6b7bda33190d0d400f345f23d4065d48f4ca7ae0425 \
    --hash=sha256:a4d3091415f010369ae4ed1fc6b79def9416358877534caf6a0fdd2146c87a3e \
    --hash=sha256:a8786accb172bd8afb8be14490a16625cbc387036876ab6ba70912730faf8e1f \
    --hash=sha256:a9f8c2e67970f13b16084e04f134610fd1d374bf477b17ec1599185cf611d725 \
    --hash=sha256:bc2fa7c6b47d6bc618dd7fb02ef6fdedb1090ec036abab80d4681424b84c1183 \
    --hash=sha256:c70c95198c015b85feafc136515252a261a84561b7b1d51e3384e0655ddf25ab \
    --hash=sha256:cc1c1159b3d456576af7a3e4d1ba7e6924cb39de8f67111c735f6fc832082774 \
    --hash=sha256:ce826d6ef20b1bc864f0a68340c8b3287705cae2f8b4b1d932177dcc76721725 \
    --hash=sha256:d584d9ec91ad65861cc08d42e834324ef890a082e591037abe114850ff7bbc3e \
    --hash=sha256:d7fded462629cfa4b685c5416b949ebad6cec74af5e2d42905d41e257e0869f5 \
    --hash=sha256:d84a1718ee396f54f3a086ea0a66d8e552b2ab2017ef8b420e92edbc841c352d \
    --hash=sha256:d8e03406cac8513435335dbab54c0d385e4a49e4945d2909a581c83647ca0290 \
    --hash=sha256:e10ce637b18caea04431ce14fabcf5c64a1c61ec9c56b071a4b7ca131ca52d44 \
    --hash=sha256:ec031d5d2feb36d1d1a24380e4db6d43695f3748343d99434e6f5f9156aaa2ed \
    --hash=sha256:ef6107725bd54b262d6dedcc2af448a266975032bc85ef0172c5f059da6325b4 \
    --hash=sha256:efdca5630322a10774e8e98e1af481aad470dd62c3170801852d752aa7a783ba \
    --hash=sha256:f753120cb8181e736c57ef7636e83f31b9c0d1722c516f7e86cf15b7aa57ff12 \
    --hash=sha256:ff3824dc5261f50c9b0dfb3be22b4567a6f938ccce4587b38952d85fd9e9afe4
    # via -r requirements/dev.txt
requests==2.34.2 \
    --hash=sha256:2a0d60c172f83ac6ab31e4554906c0f3b3588d37b5cb939b1c061f4907e278e0 \
    --hash=sha256:f288924cae4e29463698d6d60bc6a4da69c89185ad1e0bcc4104f584e960b9ed
    # via docker
ruff==0.7.4 \
    --hash=sha256:00b4cf3a6b5fad6d1a66e7574d78956bbd09abfd6c8a997798f01f5da3d46a05 \
    --hash=sha256:0d06218747d361d06fd2fdac734e7fa92df36df93035db3dc2ad7aa9852cb109 \
    --hash=sha256:0e92dfb5f00eaedb1501b2f906ccabfd67b2355bdf117fea9719fc99ac2145bc \
    --hash=sha256:11bff065102c3ae9d3ea4dc9ecdfe5a5171349cdd0787c1fc64761212fc9cf1f \
    --hash=sha256:2e32829c429dd081ee5ba39aef436603e5b22335c3d3fff013cd585806a6486a \
    --hash=sha256:3bd726099f277d735dc38900b6a8d6cf070f80828877941983a57bca1cd92172 \
    --hash=sha256:63a569b36bc66fbadec5beaa539dd81e0527cb258b94e29e0531ce41bacc1f20 \
    --hash=sha256:662a63b4971807623f6f90c1fb664613f67cc182dc4d991471c23c541fee62dd \
    --hash=sha256:745775c7b39f914238ed1f1b0bebed0b9155a17cd8bc0b08d3c87e4703b990d6 \
    --hash=sha256:75c53f54904be42dd52a548728a5b572344b50d9b2873d13a3f8c5e3b91f5cac \
    --hash=sha256:7dbdc7d8274e1422722933d1edddfdc65b4336abf0b16dfcb9dedd6e6a517d06 \
    --hash=sha256:80094ecd4793c68b2571b128f91754d60f692d64bc0d7272ec9197fdd09bf9ea \
    --hash=sha256:876f5e09eaae3eb76814c1d3b68879891d6fde4824c015d48e7a7da4cf066a3a \
    --hash=sha256:997512325c6620d1c4c2b15db49ef59543ef9cd0f4aa8065ec2ae5103cedc7e7 \
    --hash=sha256:a4919925e7684a3f18e18243cd6bea7cfb8e968a6eaa8437971f681b7ec51478 \
    --hash=sha256:cd12e35031f5af6b9b93715d8c4f40360070b2041f81273d0527683d5708fce2 \
    --hash=sha256:cfb365c135b830778dda8c04fb7d4280ed0b984e1aec27f574445231e20d6c63 \
    --hash=sha256:e0cea28d0944f74ebc33e9f934238f15c758841f9f5edd180b5315c203293452
    # via -r requirements/dev.txt
scikit-learn==1.5.2 \
    --hash=sha256:03b6158efa3faaf1feea3faa884c840ebd61b6484167c711548fce208ea09445 \
    --hash=sha256:178ddd0a5cb0044464fc1bfc4cca5b1833bfc7bb022d70b05db8530da4bb3dd3 \
    --hash=sha256:1ff45e26928d3b4eb767a8f14a9a6efbf1cbff7c05d1fb0f95f211a89fd4f5de \
    --hash=sha256:299406827fb9a4f862626d0fe6c122f5f87f8910b86fe5daa4c32dcd742139b6 \
    --hash=sha256:2d4cad1119c77930b235579ad0dc25e65c917e756fe80cab96aa3b9428bd3fb0 \
    --hash=sha256:394397841449853c2290a32050382edaec3da89e35b3e03d6cc966aebc6a8ae6 \
    --hash=sha256:3a686885a4b3818d9e62904d91b57fa757fc2bed3e465c8b177be652f4dd37c8 \
    --hash=sha256:3b923d119d65b7bd555c73be5423bf06c0105678ce7e1f558cb4b40b0a5502b1 \
    --hash=sha256:3bed4909ba187aca80580fe2ef370d9180dcf18e621a27c4cf2ef10d279a7efe \
    --hash=sha256:52788f48b5d8bca5c0736c175fa6bdaab2ef00a8f536cda698db61bd89c551c1 \
    --hash=sha256:57cc1786cfd6bd118220a92ede80270132aa353647684efa385a74244a41e3b1 \
    --hash=sha256:643964678f4b5fbdc95cbf8aec638acc7aa70f5f79ee2cdad1eec3df4ba6ead8 \
    --hash=sha256:6c16d84a0d45e4894832b3c4d0bf73050939e21b99b01b6fd59cbb0cf39163b6 \
    --hash=sha256:757c7d514ddb00ae249832fe87100d9c73c6ea91423802872d9e74970a0e40b9 \
    --hash=sha256:8c412ccc2ad9bf3755915e3908e677b367ebc8d010acbb3f182814524f2e5540 \
    --hash=sha256:b0768ad641981f5d3a198430a1d31c3e044ed2e8a6f22166b4d546a5116d7908 \
    --hash=sha256:b4237ed7b3fdd0a4882792e68ef2545d5baa50aca3bb45aa7df468138ad8f94d \
    --hash=sha256:b7b0f9a0b1040830d38c39b91b3a44e1b643f4b36e36567b80b7c6bd2202a27f \
    --hash=sha256:c15b1ca23d7c5f33cc2cb0a0d6aaacf893792271cddff0edbd6a40e8319bc113 \
    --hash=sha256:ca64b3089a6d9b9363cd3546f8978229dcbb737aceb2c12144ee3f70f95684b7 \
    --hash=sha256:e9a702e2de732bbb20d3bad29ebd77fc05a6b427dc49964300340e4c9328b3f5 \
    --hash=sha256:f60021ec1574e56632be2a36b946f8143bf4e5e6af4a06d85281adc22938e0dd \
    --hash=sha256:f7284ade780084d94505632241bf78c44ab3b6f1e8ccab3d2af58e0e950f9c12 \
    --hash=sha256:f763897fe92d0e903aa4847b0aec0e68cadfff77e8a0687cabd946c89d17e675 \
    --hash=sha256:f8b0ccd4a902836493e026c03256e8b206656f91fbcc4fde28c57a5b752561f1 \
    --hash=sha256:f932a02c3f4956dfb981391ab24bda1dbd90fe3d628e4b42caef3e041c67707a
    # via
    #   -r requirements/base.txt
    #   iterative-stratification
    #   skops
scipy==1.14.1 \
    --hash=sha256:0c2f95de3b04e26f5f3ad5bb05e74ba7f68b837133a4492414b3afd79dfe540e \
    --hash=sha256:1729560c906963fc8389f6aac023739ff3983e727b1a4d87696b7bf108316a79 \
    --hash=sha256:278266012eb69f4a720827bdd2dc54b2271c97d84255b2faaa8f161a158c3b37 \
    --hash=sha256:2843f2d527d9eebec9a43e6b406fb7266f3af25a751aa91d62ff416f54170bc5 \
    --hash=sha256:2da0469a4ef0ecd3693761acbdc20f2fdeafb69e6819cc081308cc978153c675 \
    --hash=sha256:2ff0a7e01e422c15739ecd64432743cf7aae2b03f3084288f399affcefe5222d \
    --hash=sha256:2ff38e22128e6c03ff73b6bb0f85f897d2362f8c052e3b8ad00532198fbdae3f \
    --hash=sha256:30ac8812c1d2aab7131a79ba62933a2a76f582d5dbbc695192453dae67ad6310 \
    --hash=sha256:3a1b111fac6baec1c1d92f27e76511c9e7218f1695d61b59e05e0fe04dc59617 \
    --hash=sha256:4079b90df244709e675cdc8b93bfd8a395d59af40b72e339c2287c91860deb8e \
    --hash=sha256:5149e3fd2d686e42144a093b206aef01932a0059c2a33ddfa67f5f035bdfe13e \
    --hash=sha256:5a275584e726026a5699459aa72f828a610821006228e841b94275c4a7c08417 \
    --hash=sha256:631f07b3734d34aced009aaf6fedfd0eb3498a97e581c3b1e5f14a04164a456d \
    --hash=sha256:716e389b694c4bb564b4fc0c51bc84d381735e0d39d3f26ec1af2556ec6aad94 \
    --hash=sha256:8426251ad1e4ad903a4514712d2fa8fdd5382c978010d1c6f5f37ef286a713ad \
    --hash=sha256:8475230e55549ab3f207bff11ebfc91c805dc3463ef62eda3ccf593254524ce8 \
    --hash=sha256:8bddf15838ba768bb5f5083c1ea012d64c9a444e16192762bd858f1e126196d0 \
    --hash=sha256:8e32dced201274bf96899e6491d9ba3e9a5f6b336708656466ad0522d8528f69 \
    --hash=sha256:8f9ea80f2e65bdaa0b7627fb00cbeb2daf163caa015e59b7516395fe3bd1e066 \
    --hash=sha256:97c5dddd5932bd2a1a31c927ba5e1463a53b87ca96b5c9bdf5dfd6096e27efc3 \
    --hash=sha256:a49f6ed96f83966f576b33a44257d869756df6cf1ef4934f59dd58b25e0327e5 \
    --hash=sha256:af29a935803cc707ab2ed7791c44288a682f9c8107bc00f0eccc4f92c08d6e07 \
    --hash=sha256:b05d43735bb2f07d689f56f7b474788a13ed8adc484a85aa65c0fd931cf9ccd2 \
    --hash=sha256:b28d2ca4add7ac16ae8bb6632a3c86e4b9e4d52d3e34267f6e1b0c1f8d87e389 \
    --hash=sha256:b99722ea48b7ea25e8e015e8341ae74624f72e5f21fc2abd45f3a93266de4c5d \
    --hash=sha256:baff393942b550823bfce952bb62270ee17504d02a1801d7fd0719534dfb9c84 \
    --hash=sha256:c0ee987efa6737242745f347835da2cc5bb9f1b42996a4d97d5c7ff7928cb6f2 \
    --hash=sha256:d0d2821003174de06b69e58cef2316a6622b60ee613121199cb2852a873f8cf3 \
    --hash=sha256:e0cf28db0f24a38b2a0ca33a85a54852586e43cf6fd876365c86e0657cfe7d73 \
    --hash=sha256:e4f5a7c49323533f9103d4dacf4e4f07078f360743dec7f7596949149efeec06 \
    --hash=sha256:eb58ca0abd96911932f688528977858681a59d61a7ce908ffd355957f7025cfc \
    --hash=sha256:edaf02b82cd7639db00dbff629995ef185c8df4c3ffa71a5562a595765a06ce1 \
    --hash=sha256:fef8c87f8abfb884dac04e97824b61299880c43f4ce675dd2cbeadd3c9b466d2
    # via
    #   -r requirements/base.txt
    #   datasketch
    #   iterative-stratification
    #   scikit-learn
    #   skops
six==1.17.0 \
    --hash=sha256:4721f391ed90541fddacab5acf947aa0d3dc7d27b2e1e8eda2be8970586c3274 \
    --hash=sha256:ff70335d468e7eb6ec65b95b99d3a2836546063f63acc5171de367e834932a81
    # via python-dateutil
skops==0.13.0 \
    --hash=sha256:55e2cccb18c86f5916e4cfe5acf55ed7b0eecddf08a151906414c092fa5926dc \
    --hash=sha256:66949fd3c95cbb5c80270fbe40293c0fe1e46cb4a921860e42584dd9c20ebeb1
    # via -r requirements/base.txt
sniffio==1.3.1 \
    --hash=sha256:2f6da418d1f1e0fddd844478f41680e794e6051915791a034ff65e5f100525a2 \
    --hash=sha256:f4324edc670a0f49750a81b895f35c3adb843cca46f0530f79fc1babb23789dc
    # via httpx
testcontainers[postgres]==4.8.2 \
    --hash=sha256:9e19af077cd96e1957c13ee466f1f32905bc6c5bc1bc98643eb18be1a989bfb0 \
    --hash=sha256:dd4a6a2ea09e3c3ecd39e180b6548105929d0bb78d665ce9919cb3f8c98f9853
    # via -r requirements/dev.txt
threadpoolctl==3.6.0 \
    --hash=sha256:43a0b8fd5a2928500110039e43a5eed8480b918967083ea48dc3ab9f13c4a7fb \
    --hash=sha256:8ab8b4aa3491d812b623328249fab5302a68d2d71745c8a4c719a2fcaba9f44e
    # via scikit-learn
typing-extensions==4.16.0 \
    --hash=sha256:481caa481374e813c1b176ada14e97f1f67a4539ce9cfeb3f350d78d6370c2e8 \
    --hash=sha256:dc983d19a509c94dba722ee6abd33940f7c05a89e243c47e907eb4db6f1a43e5
    # via
    #   anyio
    #   pydantic
    #   pydantic-core
    #   testcontainers
tzdata==2026.3 \
    --hash=sha256:4a1518b8993086a7982523e071643f3c0e5f213e75b21318e78bcabfff9d1415 \
    --hash=sha256:dc096730c87af6cab1b171c9d532be840741ff5d459015e7f6947bd7d7e54931
    # via pandas
urllib3==2.7.0 \
    --hash=sha256:231e0ec3b63ceb14667c67be60f2f2c40a518cb38b03af60abc813da26505f4c \
    --hash=sha256:9fb4c81ebbb1ce9531cce37674bbc6f1360472bc18ca9a553ede278ef7276897
    # via
    #   docker
    #   requests
    #   testcontainers
wcwidth==0.8.2 \
    --hash=sha256:91fbef97204b96a3d4d421609b80340b760cf33e26da123ff243d76b1fda8dda \
    --hash=sha256:d63947694a0539a1d51e01eda7caf800c291020e6cdd7e28ad7b14dd33ad4f85
    # via prettytable
wrapt==2.3.0 \
    --hash=sha256:0a45ffae742ce91a16e11cb6c7cd71e7f9994f3cbd283b962ab093f5c6dcf525 \
    --hash=sha256:0bb2797048db0956348cb3058c33bc4184614f13231389cfbccc16a5d32780a7 \
    --hash=sha256:0d3fb71e65b001adfc42684522eeccd9c21d8ba679945abc993439567b66e59f \
    --hash=sha256:0db083387d6e75ec0be8173ecbf0e811cf60bae1cc75a815feb104167ea10d4d \
    --hash=sha256:10461884b3014fbfc8eb7d09a93c5f246363e6711d9d881f95eb8c27fdef049f \
    --hash=sha256:1236fa25173ca964c97422470482e9011b9e3c7ed0d75798b40b3da3b0e0e760 \
    --hash=sha256:141ed6211286a9660d8d6702de598b43f0934b4f0eda16393f100a80f501d945 \
    --hash=sha256:1598becd30f8f2777d18564064eb4f4dbe1ab0e05a8f09786d0ef505ac782bf3 \
    --hash=sha256:195b1842b4122fb54e3cd3dd5b2b4aa49302a5a61da901df0481f5c97aedde84 \
    --hash=sha256:1d6159c9b2fefec02314e1332dbbbfaf960e369dfd26bcf7f8b258b5732065b3 \
    --hash=sha256:22cc5c0a717bd4da87018ae0bffd4c19c6fb679d3ff357216ba566ab26c76cab \
    --hash=sha256:242b60c21e30866e6a2fa606c612b47c553fa60c0eaeeeb7797fb842ac0ce609 \
    --hash=sha256:24da48596326ef8e448cfa837b454f638713d3531262375f00e5a9681682fc07 \
    --hash=sha256:261f53870cd4fb2bf38f9f972c56c728fd224cb7c65721307de59d9e7e6741ae \
    --hash=sha256:2935d5454b3f179a29b12cf390ee47246740ba2c3a7545b1b46ba31a5f2a4a0b \
    --hash=sha256:2e49885a62ec4ee854d1b9e6371fda6afd219917225752abf729a3f36d4df9a5 \
    --hash=sha256:379f670f45b7bb8993edd9f6fc36c6cc65edb81cffa0b504be34acb0303fff0a \
    --hash=sha256:3873c3c5ca9f4ef91f693602eca19d1f1e7c410338df82a4ff11d826b5896a8f \
    --hash=sha256:392158c9a7f2ab1b8699418bfc0fe6f83548788c418b27d7bf2019ad3405cebb \
    --hash=sha256:39febbee6d77301d31da6996b152ce52452da7c7ef72aba10c2fa976dff9c295 \
    --hash=sha256:3d1c2c1b808600d2ea808e6360910a60ed5f409a4011655e10f9164ba0a414a6 \
    --hash=sha256:3da470536bf9645143323dd41b32db55c6f4304ad382094c1a1da8a92061e10d \
    --hash=sha256:418f54bb09d1762db02c7009b4051149893af3153a87f92d70356703c11eea02 \
    --hash=sha256:42869085687f0aefd57c0f636c3f9354f8ffb321a8ba9cb52d19beb796e561c5 \
    --hash=sha256:45c9279b373d15649dfa2c2077cb3408ea1a6d3125afbdab9d6b809a66f68e14 \
    --hash=sha256:4fa0df3bff4e7ce45759f33fd39335fe2f60477bb9ecf7b8aa41e7d07ee36a23 \
    --hash=sha256:50f416b74d092bb9f41b424e90dd457f365f7ba4b11de62a23679769a21bd85c \
    --hash=sha256:51a7a4181c1295774812271fbcd7c909df372bc25579d4ed9eb875caaf0ae86f \
    --hash=sha256:54ca1d5573f69b5fe1d74f1f65799c68015e82f685efec9fd8cfa40a094c44d0 \
    --hash=sha256:5ab559e1b2551d23d54db2a0001c6d73bad022a254639561c5f6c382a9d6c2fe \
    --hash=sha256:5ba1e5e08ddc46130e9682b2c249f2d1dd39bda9106ed4bd401b7519f18f41bd \
    --hash=sha256:5d221a6e6ddd302b8397433184e96b59f259f50024b854db1c411a881586b6b8 \
    --hash=sha256:6208f302f110295d64b22a7ac96500c791bf492dce4366e622e4912b077c9687 \
    --hash=sha256:626b69db2021aa01671ec7bbc9740e558522bd44c18cf2ce69bf3d666a014109 \
    --hash=sha256:628f3ba8ec793a5b10a6cd8c6c6b7b55eb552abd1f3bd301336acb74c7a82dfe \
    --hash=sha256:629d73378082c00a8173031f9fb30a3ac6abbc894a5bfdfae71fabc60642d501 \
    --hash=sha256:646d20d413ffcd1b0a2f700076e2d0252d872dcb7754860a73e45a59ea883614 \
    --hash=sha256:67bfe2485f50368c3fcd2275fc1fd100e350d601e0058921a7c82678a465aeab \
    --hash=sha256:681a2d0eefd721998f90642762b8e75c2159ec531b20ad5e437245ea7b06a107 \
    --hash=sha256:69e477046f2237ef0bc6547544ee73008dc764ca26eff44f09e976d221b34d5d \
    --hash=sha256:6db604ef0c67bdb2042ecdfd7b7f037cf09733557ca42360d1018285634f7b98 \
    --hash=sha256:729126e667da34d251b8ebf8a45ef0c5ddadc21542b3d6e1abf4259ece6508df \
    --hash=sha256:73d0b10b64620a2cf4bc3d31775c4d9527e309a5549e4379e3bf71e8d2dc193e \
    --hash=sha256:7ebb274aba688b043429eb1500ff8a76ce0cb8ac0812ca3e301f06247b8722b3 \
    --hash=sha256:8159ec0b0cb7608175eb150de94c19e34f4d47ac655f5ca9baf45df6b688ffd3 \
    --hash=sha256:816877aa749253149f9ecfd2635d4d948ecfa338e1a0311d187b1acb1bb8a3eb \
    --hash=sha256:85de890ff968196e92dd1ae73a9fb8970495e7650a457b1c9ef0ac3dd550bce2 \
    --hash=sha256:8f8a1c6472675956cece9a8f403f43c3594f1681319eed2dd56f60877397c636 \
    --hash=sha256:9045917809c63fdf7abe3a2ceaed3d670b8ee4500ddd9291192d30aeb34467c5 \
    --hash=sha256:932dced0a7b2950ed58a3325536a1dcb7b58e7330af54e8552d2e566b5328b99 \
    --hash=sha256:93513bec052c6cd987f9f580c3df068c8bc4ebae6543736be3ca7ec5959cafcd \
    --hash=sha256:9790ea25190a4e0fe4cdf4eeb868e9d75f8a024a70a5b6bf9c348a3a2b72e731 \
    --hash=sha256:9f5d2aec29dfc76c37e23897dee92766a3fd4f3bff3ae7fc9c6b4bf37d8c1360 \
    --hash=sha256:a65e8db2b4e90c2e7ade931086351c98ef420bf7a94ee08c95ac8a3cbbc43579 \
    --hash=sha256:a6b5984cd65dd639546f0eb4b8eacf1c31cb2fe9fb5c27bffe240987cdb2cf84 \
    --hash=sha256:a6e19531ae33c508cea7d84a7edfda01fa86e51b8d1a93a77712c55e6e469152 \
    --hash=sha256:abc71504669d126d91f89fc0e388c6295d8fbd2439be884f175133fda8aa403c \
    --hash=sha256:ac870cc97b73bb00ac353329e9559a4bebc47c4c86792ed9b23b58c15b6ad838 \
    --hash=sha256:ad71df7a04dd3497e9302e81f4a7c91bd401ea0e15a9df9029527900f94bee43 \
    --hash=sha256:b1e5aa486e269b00ed35e64771c7d0ab8096cfd2643405ca8cd60ebedc099a51 \
    --hash=sha256:b4fc96b159af0a3e0faa72475a69d66292bea72a5bed1e1aca1bffbddc3cb2b0 \
    --hash=sha256:b767a9566f165dd14decf8f4194c6bb0ce3a8420cec213824e05a99400c9260a \
    --hash=sha256:bff9a671bc00709cab5a7f745c592b5671873449db0ee2a569af994f16b29a4d \
    --hash=sha256:c3b476ae63b4a3b4da681aafcb25ff3542d289fbda8b5da7caf76aaffafafdbb \
    --hash=sha256:c4bded758ad6f03b965830944a2f0bc5b2eb3767fe5a7310134315d1a6610e98 \
    --hash=sha256:c8388ba7faf5dbf9ee106bb70d66f257629b1bd98091123e19e8a4553a319199 \
    --hash=sha256:c8858d8ff9822a081e3cc49ae1b3b22f0f789c14001cdac8f94564010d9c9d66 \
    --hash=sha256:c88abcf53daef80e01a75c7530e727fa6e2c1888fe83e3dcdba4c96216a1f5c7 \
    --hash=sha256:cc2cea812e5cb179a796b766747e7d3b21088760d8deb95676d482b8c8e6fa7d \
    --hash=sha256:cd3a2edf0427013736b8127955cec62608c56e53ea47e82812ea32059cda407f \
    --hash=sha256:cdc021cb0b62471d6aac7f2bd92f3b4658073775f9ee7fcd325c511129e7bcc8 \
    --hash=sha256:ce9f398f868d2b3b27aa2ea4de79645ef9077aeeac8dfc2814b0d542c6a2b87f \
    --hash=sha256:d0077f3d65541925fa83002f967b22ad6550d24813ac64cb905f717194128d9c \
    --hash=sha256:d0f7284f88f4833705132d06d3b425a43095c2cbd07c58166aac3ab646ba12a4 \
    --hash=sha256:d2cc64539da63e39ffb9c7ede849b6e8ddaaf7b3876b5cfb04efd85a5f3f4eb6 \
    --hash=sha256:d8c7ed08477429752b8c44991f40ad7838b18332a160698740a6bfbc10d998a2 \
    --hash=sha256:df4ce31150bcd5d9f36f816aac3010ab4f4bf8672ac1d3b0ac7d539ec61c7c02 \
    --hash=sha256:e045ff75d7d94900fc32896ed93c45ce2d2cac28c9dead582ff9a5a49d446e35 \
    --hash=sha256:e2e692bc0d63f881cf7006730a56bd4e0c2fab5dc318466942805d692b166276 \
    --hash=sha256:e31734c5077f29f892b2565eee5106d610278151ad49fc6a9d69a647cd5730e2 \
    --hash=sha256:e3b9eaa742ae7a0aaaaad4ca4b69469d757af2d6e6663ef1dadc47adec0aeb41 \
    --hash=sha256:e3f3d7ec0a51fbfe00d3aef047641ff2c58b25565b4717fc1f90e050be01cba8 \
    --hash=sha256:e5301c35cf75655eb33498f2bd6ae8703ca19940e3167dc9cdf740c712a39c60 \
    --hash=sha256:ea52a0d0f08c584943d5764be0e84efa912c8da23c23e1e285ff2f5641c18fcc \
    --hash=sha256:ed635a9ca4f3a5a2b900c10c69e823373bc00ebc114b459383596d3487da3570 \
    --hash=sha256:fb8e2e6704a1e0b1b989546c69e2688371ef4a07fa5f61bde3eb6211186f5ac1 \
    --hash=sha256:fc648a335d7e01adb3640b25f02fd0ea05886cf04d0af7f4ee902bc7b5e466e8 \
    --hash=sha256:fc82c2ccc8e234c844f5303d9f2984b346dcdd53e94823ce8420d2c75b4b9023 \
    --hash=sha256:fd1f2f557dd3491fe75905e578f4db967393d40d1a8f468edc4d40ac7f2d5944 \
    --hash=sha256:fd85b0aa88efdb189d6ae2f35f4526943a8f091c38599c9c31478241c819e6a1
    # via testcontainers
